# THIS IS AN AUTOGENERATED FILE. DO NOT EDIT THIS FILE DIRECTLY.
# yarn lockfile v1


"@prisma/client@2.16.1":
  version "2.16.1"
  resolved "https://registry.yarnpkg.com/@prisma/client/-/client-2.16.1.tgz#3aed1506f4090734735d1036bfdaee997032e793"
  integrity sha512-g4zXwC9PRtlrad/CBu+lXHRhvkEz4QW9tDn7bJGwCVNeLi+gLzSbEHjo3xLZgI3+Jp+40flOzrJrYP0bkNCpdQ==
  dependencies:
    "@prisma/engines-version" "2.16.1-1.8b74ad57aaf2cc6c155f382a18a8e3ba95aceb03"

"@prisma/engines-version@2.16.1-1.8b74ad57aaf2cc6c155f382a18a8e3ba95aceb03":
  version "2.16.1-1.8b74ad57aaf2cc6c155f382a18a8e3ba95aceb03"
  resolved "https://registry.yarnpkg.com/@prisma/engines-version/-/engines-version-2.16.1-1.8b74ad57aaf2cc6c155f382a18a8e3ba95aceb03.tgz#52c026a05f6c109dd642c1edcc60ca45b01021ca"
  integrity sha512-BkqxSWOc9aNYXjtmRtaLy2fKIeJ3+NKimRL1gKWXMjtxhKS5E3wvyxwZamtfIpEaZELGAO3x5+gqwoR9kS2oZA==

"@prisma/engines@2.16.1-1.8b74ad57aaf2cc6c155f382a18a8e3ba95aceb03":
  version "2.16.1-1.8b74ad57aaf2cc6c155f382a18a8e3ba95aceb03"
  resolved "https://registry.yarnpkg.com/@prisma/engines/-/engines-2.16.1-1.8b74ad57aaf2cc6c155f382a18a8e3ba95aceb03.tgz#38f64337f6ad2ab9e13e7e2bac54286a79d2edfa"
  integrity sha512-GZ1huP5KC6TPf9u8pYGFklUkGVTKFel6k4wL4iMr8AQ6MeSV4GDJX3lEtEJLb0ayj6je/hDEyQG9iMp/BysFYg==

"@types/node@12.19.16":
  version "12.19.16"
  resolved "https://registry.yarnpkg.com/@types/node/-/node-12.19.16.tgz#15753af35cbef636182d8d8ca55b37c8583cecb3"
  integrity sha512-7xHmXm/QJ7cbK2laF+YYD7gb5MggHIIQwqyjin3bpEGiSuvScMQ5JZZXPvRipi1MwckTQbJZROMns/JxdnIL1Q==

"@types/uuid@8.3.0":
  version "8.3.0"
  resolved "https://registry.yarnpkg.com/@types/uuid/-/uuid-8.3.0.tgz#215c231dff736d5ba92410e6d602050cce7e273f"
  integrity sha512-eQ9qFW/fhfGJF8WKHGEHZEyVWfZxrT+6CLIJGBcZPfxUh/+BnEj+UCGYMlr9qZuX/2AltsvwrGqp0LhEW8D0zQ==

arg@^4.1.0:
  version "4.1.3"
  resolved "https://registry.yarnpkg.com/arg/-/arg-4.1.3.tgz#269fc7ad5b8e42cb63c896d5666017261c144089"
  integrity sha512-58S9QDqG0Xx27YwPSt9fJxivjYl432YCwfDMfZ+71RAqUrZef7LrKQZ3LHLOwCS4FLNBplP533Zx895SeOCHvA==

buffer-from@^1.0.0:
  version "1.1.1"
  resolved "https://registry.yarnpkg.com/buffer-from/-/buffer-from-1.1.1.tgz#32713bc028f75c02fdb710d7c7bcec1f2c6070ef"
  integrity sha512-MQcXEUbCKtEo7bhqEs6560Hyd4XaovZlO/k9V3hjVUF/zwW7KBVdSK4gIt/bzwS9MbR5qob+F5jusZsb0YQK2A==

create-require@^1.1.0:
  version "1.1.1"
  resolved "https://registry.yarnpkg.com/create-require/-/create-require-1.1.1.tgz#c1d7e8f1e5f6cfc9ff65f9cd352d37348756c333"
  integrity sha512-dcKFX3jn0MpIaXjisoRvexIJVEKzaq7z2rZKxf+MSr9TkdmHmsU4m2lcLojrj/FHl8mk5VxMmYA+ftRkP/3oKQ==

diff@^4.0.1:
  version "4.0.2"
  resolved "https://registry.yarnpkg.com/diff/-/diff-4.0.2.tgz#60f3aecb89d5fae520c11aa19efc2bb982aade7d"
  integrity sha512-58lmxKSA4BNyLz+HHMUzlOEpg09FV+ev6ZMe3vJihgdxzgcwZ8VoEEPmALCZG9LmqfVoNMMKpttIYTVG6uDY7A==

make-error@^1.1.1:
  version "1.3.6"
  resolved "https://registry.yarnpkg.com/make-error/-/make-error-1.3.6.tgz#2eb2e37ea9b67c4891f684a1394799af484cf7a2"
  integrity sha512-s8UhlNe7vPKomQhC1qFelMokr/Sc3AgNbso3n74mVPA5LTZwkB9NlXf4XPamLxJE8h0gh73rM94xvwRT2CVInw==

prisma@2.16.1:
  version "2.16.1"
  resolved "https://registry.yarnpkg.com/prisma/-/prisma-2.16.1.tgz#cf73322e5426aabcd084a42dac89866006f5823f"
  integrity sha512-TniTihl4xwWY7Hy+1UUpZ6jxHyriRDUW4i7TChZNBZM88IG8kvR5cSX+/JY/lzWGMUR4ZDBzoIuNcdPx/7eWag==
  dependencies:
    "@prisma/engines" "2.16.1-1.8b74ad57aaf2cc6c155f382a18a8e3ba95aceb03"

source-map-support@^0.5.17:
  version "0.5.19"
  resolved "https://registry.yarnpkg.com/source-map-support/-/source-map-support-0.5.19.tgz#a98b62f86dcaf4f67399648c085291ab9e8fed61"
  integrity sha512-Wonm7zOCIJzBGQdB+thsPar0kYuCIzYvxZwlBa87yi/Mdjv7Tip2cyVbLj5o0cFPN4EVkuTwb3GDDyUx2DGnGw==
  dependencies:
    buffer-from "^1.0.0"
    source-map "^0.6.0"

source-map@^0.6.0:
  version "0.6.1"
  resolved "https://registry.yarnpkg.com/source-map/-/source-map-0.6.1.tgz#74722af32e9614e9c287a8d0bbde48b5e2f1a263"
  integrity sha512-UjgapumWlbMhkBgzT7Ykc5YXUT46F0iKu8SGXq0bcwP5dz/h0Plj6enJqjz1Zbq2l5WaqYnrVbwWOWMyF3F47g==

ts-node@9.1.1:
  version "9.1.1"
  resolved "https://registry.yarnpkg.com/ts-node/-/ts-node-9.1.1.tgz#51a9a450a3e959401bda5f004a72d54b936d376d"
  integrity sha512-hPlt7ZACERQGf03M253ytLY3dHbGNGrAq9qIHWUY9XHYl1z7wYngSr3OQ5xmui8o2AaxsONxIzjafLUiWBo1Fg==
  dependencies:
    arg "^4.1.0"
    create-require "^1.1.0"
    diff "^4.0.1"
    make-error "^1.1.1"
    source-map-support "^0.5.17"
    yn "3.1.1"

typescript@4.1.5:
  version "4.1.5"
  resolved "https://registry.yarnpkg.com/typescript/-/typescript-4.1.5.tgz#123a3b214aaff3be32926f0d8f1f6e704eb89a72"
  integrity sha512-6OSu9PTIzmn9TCDiovULTnET6BgXtDYL4Gg4szY+cGsc3JP1dQL8qvE8kShTRx1NIw4Q9IBHlwODjkjWEtMUyA==

uuid@8.3.0:
  version "8.3.0"
  resolved "https://registry.yarnpkg.com/uuid/-/uuid-8.3.0.tgz#ab738085ca22dc9a8c92725e459b1d507df5d6ea"
  integrity sha512-fX6Z5o4m6XsXBdli9g7DtWgAx+osMsRRZFKma1mIUsLCz6vRvv+pz5VNbyu9UEDzpMWulZfvpgb/cmDXVulYFQ==

yn@3.1.1:
  version "3.1.1"
  resolved "https://registry.yarnpkg.com/yn/-/yn-3.1.1.tgz#1e87401a09d767c1d5eab26a6e4c185182d2eb50"
  integrity sha512-Ux4ygGWsu2c7isFWe8Yu1YluJmqVhxqK2cLXNQA5AcC3QfbGNpM7fu0Y8b/z16pXLnFxZYvWhd3fhBY9DLmC6Q==
